# This file is autogenerated, do not edit; changes may be undone by the next 'dep ensure'.


[[projects]]
  branch = "master"
  name = "github.com/jlaffaye/ftp"
  packages = ["."]
  revision = "299b7ff5b6096588cceca2edc1fc9f557002fb85"

[solve-meta]
  analyzer-name = "dep"
  analyzer-version = 1
  inputs-digest = "03ce798044f76719509dad690d4d2f250880e34e3892bd486dee533077836a59"
  solver-name = "gps-cdcl"
  solver-version = 1
